
Microsoft Visual Studio Solution File, Format Version 12.00
# Visual Studio 15
VisualStudioVersion = 15.0.26403.7
MinimumVisualStudioVersion = 10.0.40219.1
Project("{FAE04EC0-301F-11D3-BF4B-00C04F79EFBC}") = "ControladorDePedidos.WPF", "ControladorDePedidos.WPF\ControladorDePedidos.WPF.csproj", "{5C8E4844-3EA7-4AB2-A188-9D2B257C54DD}"
EndProject
Project("{FAE04EC0-301F-11D3-BF4B-00C04F79EFBC}") = "ControladorDePedidos.Model", "ControladorDePedidos.Model\ControladorDePedidos.Model.csproj", "{0CE9A0CC-4D4D-4A28-B551-C1EEAC0F3FF4}"
EndProject
Project("{FAE04EC0-301F-11D3-BF4B-00C04F79EFBC}") = "ControladorDePedidos.Repositorio", "ControladorDePedidos.Repositorio\ControladorDePedidos.Repositorio.csproj", "{9C4DE672-3E7F-4CD5-855C-1A18796E1529}"
EndProject
Global
	GlobalSection(SolutionConfigurationPlatforms) = preSolution
		Debug|Any CPU = Debug|Any CPU
		Release|Any CPU = Release|Any CPU
	EndGlobalSection
	GlobalSection(ProjectConfigurationPlatforms) = postSolution
		{5C8E4844-3EA7-4AB2-A188-9D2B257C54DD}.Debug|Any CPU.ActiveCfg = Debug|Any CPU
		{5C8E4844-3EA7-4AB2-A188-9D2B257C54DD}.Debug|Any CPU.Build.0 = Debug|Any CPU
		{5C8E4844-3EA7-4AB2-A188-9D2B257C54DD}.Release|Any CPU.ActiveCfg = Release|Any CPU
		{5C8E4844-3EA7-4AB2-A188-9D2B257C54DD}.Release|Any CPU.Build.0 = Release|Any CPU
		{0CE9A0CC-4D4D-4A28-B551-C1EEAC0F3FF4}.Debug|Any CPU.ActiveCfg = Debug|Any CPU
		{0CE9A0CC-4D4D-4A28-B551-C1EEAC0F3FF4}.Debug|Any CPU.Build.0 = Debug|Any CPU
		{0CE9A0CC-4D4D-4A28-B551-C1EEAC0F3FF4}.Release|Any CPU.ActiveCfg = Release|Any CPU
		{0CE9A0CC-4D4D-4A28-B551-C1EEAC0F3FF4}.Release|Any CPU.Build.0 = Release|Any CPU
		{9C4DE672-3E7F-4CD5-855C-1A18796E1529}.Debug|Any CPU.ActiveCfg = Debug|Any CPU
		{9C4DE672-3E7F-4CD5-855C-1A18796E1529}.Debug|Any CPU.Build.0 = Debug|Any CPU
		{9C4DE672-3E7F-4CD5-855C-1A18796E1529}.Release|Any CPU.ActiveCfg = Release|Any CPU
		{9C4DE672-3E7F-4CD5-855C-1A18796E1529}.Release|Any CPU.Build.0 = Release|Any CPU
	EndGlobalSection
	GlobalSection(SolutionProperties) = preSolution
		HideSolutionNode = FALSE
	EndGlobalSection
EndGlobal
